# This file is generated by running "yarn install" inside your project.
# Manual changes might be lost - proceed with caution!

__metadata:
  version: 6

"plugin-health-scoring@workspace:.":
  version: 0.0.0-use.local
  resolution: "plugin-health-scoring@workspace:."
  languageName: unknown
  linkType: soft
